
Microsoft Visual Studio Solution File, Format Version 12.00
# Visual Studio Version 17
VisualStudioVersion = 17.14.36623.8
MinimumVisualStudioVersion = 10.0.40219.1
Project("{2150E333-8FDC-42A3-9474-1A3956D46DE8}") = "Task0", "Task0", "{02EA681E-C7D8-13C7-8484-4AC65E1B71E8}"
EndProject
Project("{FAE04EC0-301F-11D3-BF4B-00C04F79EFBC}") = "Tyuiu.SoldatovaPA.Sprint5.Task0.V8", "Tyuiu.SoldatovaPA.Sprint5.Task0.V8\Tyuiu.SoldatovaPA.Sprint5.Task0.V8.csproj", "{0E12B9F8-0BEE-40F7-B5B4-A7CA4B7C79EB}"
EndProject
Project("{FAE04EC0-301F-11D3-BF4B-00C04F79EFBC}") = "Tyuiu.SoldatovaPA.Sprint5.Task0.V8.Lib", "Tyuiu.SoldatovaPA.Sprint5.Task0.V8.Lib\Tyuiu.SoldatovaPA.Sprint5.Task0.V8.Lib.csproj", "{CB2CB6FE-A614-440A-81BE-F0A142BA5B31}"
EndProject
Project("{FAE04EC0-301F-11D3-BF4B-00C04F79EFBC}") = "Tyuiu.SoldatovaPA.Sprint5.Task0.V8.Test", "Tyuiu.SoldatovaPA.Sprint5.Task0.V8.Test\Tyuiu.SoldatovaPA.Sprint5.Task0.V8.Test.csproj", "{08DE4733-62FB-4FEF-8C8A-FF8B59D33BD2}"
EndProject
Project("{2150E333-8FDC-42A3-9474-1A3956D46DE8}") = "Task1", "Task1", "{32A59EB6-6431-46C7-91AB-9638F78C67F0}"
EndProject
Project("{FAE04EC0-301F-11D3-BF4B-00C04F79EFBC}") = "Tyuiu.SoldatovaPA.Sprint5.Task1.V14", "Tyuiu.SoldatovaPA.Sprint5.Task1.V14\Tyuiu.SoldatovaPA.Sprint5.Task1.V14.csproj", "{DF6D62A3-9949-4BC7-AC1B-3778A4D5EA83}"
EndProject
Project("{FAE04EC0-301F-11D3-BF4B-00C04F79EFBC}") = "Tyuiu.SoldatovaPA.Sprint5.Task1.V14.Lib", "Tyuiu.SoldatovaPA.Sprint5.Task1.V14.Lib\Tyuiu.SoldatovaPA.Sprint5.Task1.V14.Lib.csproj", "{9474F8D4-543F-445A-AF8D-78C177CBC774}"
EndProject
Project("{FAE04EC0-301F-11D3-BF4B-00C04F79EFBC}") = "Tyuiu.SoldatovaPA.Sprint5.Task1.V14.Test", "Tyuiu.SoldatovaPA.Sprint5.Task1.V14.Test\Tyuiu.SoldatovaPA.Sprint5.Task1.V14.Test.csproj", "{0D61B57A-7F48-4BED-92AE-253D2B7CF95E}"
EndProject
Project("{2150E333-8FDC-42A3-9474-1A3956D46DE8}") = "Task2", "Task2", "{D2198156-415F-4B08-9AA4-2FFACE531DEE}"
EndProject
Project("{FAE04EC0-301F-11D3-BF4B-00C04F79EFBC}") = "Tyuiu.SoldatovaPA.Sprint5.Task2.V16", "Tyuiu.SoldatovaPA.Sprint5.Task2.V16\Tyuiu.SoldatovaPA.Sprint5.Task2.V16.csproj", "{D10E00E1-0B84-4F82-A969-C76DD388C815}"
EndProject
Project("{FAE04EC0-301F-11D3-BF4B-00C04F79EFBC}") = "Tyuiu.SoldatovaPA.Sprint5.Task2.V16.Lib", "Tyuiu.SoldatovaPA.Sprint5.Task2.V16.Lib\Tyuiu.SoldatovaPA.Sprint5.Task2.V16.Lib.csproj", "{7B5C4554-8713-41EB-849A-D7523502AC60}"
EndProject
Project("{FAE04EC0-301F-11D3-BF4B-00C04F79EFBC}") = "Tyuiu.SoldatovaPA.Sprint5.Task2.V16.Test", "Tyuiu.SoldatovaPA.Sprint5.Task2.V16.Test\Tyuiu.SoldatovaPA.Sprint5.Task2.V16.Test.csproj", "{0276D348-CF13-4AC5-8F13-234A36242AA3}"
EndProject
Project("{2150E333-8FDC-42A3-9474-1A3956D46DE8}") = "Task3", "Task3", "{D3049C0E-67A3-4EEC-9C16-DE06D7339D10}"
EndProject
Project("{FAE04EC0-301F-11D3-BF4B-00C04F79EFBC}") = "Tyuiu.SoldatovaPA.Sprint5.Task3.V20", "Tyuiu.SoldatovaPA.Sprint5.Task3.V20\Tyuiu.SoldatovaPA.Sprint5.Task3.V20.csproj", "{72355917-FE2E-4127-B308-6D090D98D5E3}"
EndProject
Project("{FAE04EC0-301F-11D3-BF4B-00C04F79EFBC}") = "Tyuiu.SoldatovaPA.Sprint5.Task3.V20.Lib", "Tyuiu.SoldatovaPA.Sprint5.Task3.V20.Lib\Tyuiu.SoldatovaPA.Sprint5.Task3.V20.Lib.csproj", "{6FD2A794-5AC1-4577-849B-A0C5DD4BD07E}"
EndProject
Project("{FAE04EC0-301F-11D3-BF4B-00C04F79EFBC}") = "Tyuiu.SoldatovaPA.Sprint5.Task3.V20.Test", "Tyuiu.SoldatovaPA.Sprint5.Task3.V20.Test\Tyuiu.SoldatovaPA.Sprint5.Task3.V20.Test.csproj", "{AA19FC7E-E708-4D46-9D07-C73A74F39330}"
EndProject
Project("{2150E333-8FDC-42A3-9474-1A3956D46DE8}") = "Task4", "Task4", "{3897EEEB-875E-443C-9F34-5E04C60990D4}"
EndProject
Project("{FAE04EC0-301F-11D3-BF4B-00C04F79EFBC}") = "Tyuiu.SoldatovaPA.Sprint5.Task4.V17", "Tyuiu.SoldatovaPA.Sprint5.Task4.V17\Tyuiu.SoldatovaPA.Sprint5.Task4.V17.csproj", "{0B7CD92C-2803-45ED-830E-7C9570E03177}"
EndProject
Project("{FAE04EC0-301F-11D3-BF4B-00C04F79EFBC}") = "Tyuiu.SoldatovaPA.Sprint5.Task4.V17.Lib", "Tyuiu.SoldatovaPA.Sprint5.Task4.V17.Lib\Tyuiu.SoldatovaPA.Sprint5.Task4.V17.Lib.csproj", "{3C7204B8-C101-4EAD-983F-2089C15E2523}"
EndProject
Project("{FAE04EC0-301F-11D3-BF4B-00C04F79EFBC}") = "Tyuiu.SoldatovaPA.Sprint5.Task4.V17.Test", "Tyuiu.SoldatovaPA.Sprint5.Task4.V17.Test\Tyuiu.SoldatovaPA.Sprint5.Task4.V17.Test.csproj", "{E487E747-FB2C-4AA7-A117-9A2DFA9BB63B}"
EndProject
Project("{2150E333-8FDC-42A3-9474-1A3956D46DE8}") = "Task5", "Task5", "{45259069-A228-467A-AC3D-61A6DB56C652}"
EndProject
Project("{FAE04EC0-301F-11D3-BF4B-00C04F79EFBC}") = "Tyuiu.SoldatovaPA.Sprint5.Task5.V19", "Tyuiu.SoldatovaPA.Sprint5.Task5.V19\Tyuiu.SoldatovaPA.Sprint5.Task5.V19.csproj", "{EC3151E9-0B5F-4503-B2DE-6B7EAA1A4702}"
EndProject
Project("{FAE04EC0-301F-11D3-BF4B-00C04F79EFBC}") = "Tyuiu.SoldatovaPA.Sprint5.Task5.V19.Lib", "Tyuiu.SoldatovaPA.Sprint5.Task5.V19.Lib\Tyuiu.SoldatovaPA.Sprint5.Task5.V19.Lib.csproj", "{10007515-80BC-4BE1-928C-C3FA46951E71}"
EndProject
Project("{FAE04EC0-301F-11D3-BF4B-00C04F79EFBC}") = "Tyuiu.SoldatovaPA.Sprint5.Task5.V19.Test", "Tyuiu.SoldatovaPA.Sprint5.Task5.V19.Test\Tyuiu.SoldatovaPA.Sprint5.Task5.V19.Test.csproj", "{A435FEC4-F9FD-4798-9A27-EB1FE96596ED}"
EndProject
Project("{2150E333-8FDC-42A3-9474-1A3956D46DE8}") = "Task6", "Task6", "{D222B1E4-9707-47C3-80AE-55FCCDB5A43A}"
EndProject
Project("{FAE04EC0-301F-11D3-BF4B-00C04F79EFBC}") = "Tyuiu.SoldatovaPA.Sprint5.Task6.V27", "Tyuiu.SoldatovaPA.Sprint5.Task6.V27\Tyuiu.SoldatovaPA.Sprint5.Task6.V27.csproj", "{5D692B13-01B7-4CC2-8152-A62C8FCB17B3}"
EndProject
Project("{FAE04EC0-301F-11D3-BF4B-00C04F79EFBC}") = "Tyuiu.SoldatovaPA.Sprint5.Task6.V27.Lib", "Tyuiu.SoldatovaPA.Sprint5.Task6.V27.Lib\Tyuiu.SoldatovaPA.Sprint5.Task6.V27.Lib.csproj", "{8E3B99D9-1CC5-4370-8A35-90555C57BFF5}"
EndProject
Project("{FAE04EC0-301F-11D3-BF4B-00C04F79EFBC}") = "Tyuiu.SoldatovaPA.Sprint5.Task6.V27.Test", "Tyuiu.SoldatovaPA.Sprint5.Task6.V27.Test\Tyuiu.SoldatovaPA.Sprint5.Task6.V27.Test.csproj", "{7875037F-851A-4773-8A56-1C4A29022DF7}"
EndProject
Project("{2150E333-8FDC-42A3-9474-1A3956D46DE8}") = "Task7", "Task7", "{8E9CB261-8D65-4441-ADE9-DFBE705189D6}"
EndProject
Project("{FAE04EC0-301F-11D3-BF4B-00C04F79EFBC}") = "Tyuiu.SoldatovaPA.Sprint5.Task7.V20", "Tyuiu.SoldatovaPA.Sprint5.Task7.V20\Tyuiu.SoldatovaPA.Sprint5.Task7.V20.csproj", "{373BB713-E163-4E84-ADEA-FB102949B5E8}"
EndProject
Project("{FAE04EC0-301F-11D3-BF4B-00C04F79EFBC}") = "Tyuiu.SoldatovaPA.Sprint5.Task7.V20.Lib", "Tyuiu.SoldatovaPA.Sprint5.Task7.V20.Lib\Tyuiu.SoldatovaPA.Sprint5.Task7.V20.Lib.csproj", "{DC27EE37-4F25-43D3-A804-F2D8CBDC1883}"
EndProject
Project("{FAE04EC0-301F-11D3-BF4B-00C04F79EFBC}") = "Tyuiu.SoldatovaPA.Sprint5.Task7.V20.Test", "Tyuiu.SoldatovaPA.Sprint5.Task7.V20.Test\Tyuiu.SoldatovaPA.Sprint5.Task7.V20.Test.csproj", "{D9D2E87C-3C8E-4B4C-A258-3D673DB0D58E}"
EndProject
Global
	GlobalSection(SolutionConfigurationPlatforms) = preSolution
		Debug|Any CPU = Debug|Any CPU
		Release|Any CPU = Release|Any CPU
	EndGlobalSection
	GlobalSection(ProjectConfigurationPlatforms) = postSolution
		{0E12B9F8-0BEE-40F7-B5B4-A7CA4B7C79EB}.Debug|Any CPU.ActiveCfg = Debug|Any CPU
		{0E12B9F8-0BEE-40F7-B5B4-A7CA4B7C79EB}.Debug|Any CPU.Build.0 = Debug|Any CPU
		{0E12B9F8-0BEE-40F7-B5B4-A7CA4B7C79EB}.Release|Any CPU.ActiveCfg = Release|Any CPU
		{0E12B9F8-0BEE-40F7-B5B4-A7CA4B7C79EB}.Release|Any CPU.Build.0 = Release|Any CPU
		{CB2CB6FE-A614-440A-81BE-F0A142BA5B31}.Debug|Any CPU.ActiveCfg = Debug|Any CPU
		{CB2CB6FE-A614-440A-81BE-F0A142BA5B31}.Debug|Any CPU.Build.0 = Debug|Any CPU
		{CB2CB6FE-A614-440A-81BE-F0A142BA5B31}.Release|Any CPU.ActiveCfg = Release|Any CPU
		{CB2CB6FE-A614-440A-81BE-F0A142BA5B31}.Release|Any CPU.Build.0 = Release|Any CPU
		{08DE4733-62FB-4FEF-8C8A-FF8B59D33BD2}.Debug|Any CPU.ActiveCfg = Debug|Any CPU
		{08DE4733-62FB-4FEF-8C8A-FF8B59D33BD2}.Debug|Any CPU.Build.0 = Debug|Any CPU
		{08DE4733-62FB-4FEF-8C8A-FF8B59D33BD2}.Release|Any CPU.ActiveCfg = Release|Any CPU
		{08DE4733-62FB-4FEF-8C8A-FF8B59D33BD2}.Release|Any CPU.Build.0 = Release|Any CPU
		{DF6D62A3-9949-4BC7-AC1B-3778A4D5EA83}.Debug|Any CPU.ActiveCfg = Debug|Any CPU
		{DF6D62A3-9949-4BC7-AC1B-3778A4D5EA83}.Debug|Any CPU.Build.0 = Debug|Any CPU
		{DF6D62A3-9949-4BC7-AC1B-3778A4D5EA83}.Release|Any CPU.ActiveCfg = Release|Any CPU
		{DF6D62A3-9949-4BC7-AC1B-3778A4D5EA83}.Release|Any CPU.Build.0 = Release|Any CPU
		{9474F8D4-543F-445A-AF8D-78C177CBC774}.Debug|Any CPU.ActiveCfg = Debug|Any CPU
		{9474F8D4-543F-445A-AF8D-78C177CBC774}.Debug|Any CPU.Build.0 = Debug|Any CPU
		{9474F8D4-543F-445A-AF8D-78C177CBC774}.Release|Any CPU.ActiveCfg = Release|Any CPU
		{9474F8D4-543F-445A-AF8D-78C177CBC774}.Release|Any CPU.Build.0 = Release|Any CPU
		{0D61B57A-7F48-4BED-92AE-253D2B7CF95E}.Debug|Any CPU.ActiveCfg = Debug|Any CPU
		{0D61B57A-7F48-4BED-92AE-253D2B7CF95E}.Debug|Any CPU.Build.0 = Debug|Any CPU
		{0D61B57A-7F48-4BED-92AE-253D2B7CF95E}.Release|Any CPU.ActiveCfg = Release|Any CPU
		{0D61B57A-7F48-4BED-92AE-253D2B7CF95E}.Release|Any CPU.Build.0 = Release|Any CPU
		{D10E00E1-0B84-4F82-A969-C76DD388C815}.Debug|Any CPU.ActiveCfg = Debug|Any CPU
		{D10E00E1-0B84-4F82-A969-C76DD388C815}.Debug|Any CPU.Build.0 = Debug|Any CPU
		{D10E00E1-0B84-4F82-A969-C76DD388C815}.Release|Any CPU.ActiveCfg = Release|Any CPU
		{D10E00E1-0B84-4F82-A969-C76DD388C815}.Release|Any CPU.Build.0 = Release|Any CPU
		{7B5C4554-8713-41EB-849A-D7523502AC60}.Debug|Any CPU.ActiveCfg = Debug|Any CPU
		{7B5C4554-8713-41EB-849A-D7523502AC60}.Debug|Any CPU.Build.0 = Debug|Any CPU
		{7B5C4554-8713-41EB-849A-D7523502AC60}.Release|Any CPU.ActiveCfg = Release|Any CPU
		{7B5C4554-8713-41EB-849A-D7523502AC60}.Release|Any CPU.Build.0 = Release|Any CPU
		{0276D348-CF13-4AC5-8F13-234A36242AA3}.Debug|Any CPU.ActiveCfg = Debug|Any CPU
		{0276D348-CF13-4AC5-8F13-234A36242AA3}.Debug|Any CPU.Build.0 = Debug|Any CPU
		{0276D348-CF13-4AC5-8F13-234A36242AA3}.Release|Any CPU.ActiveCfg = Release|Any CPU
		{0276D348-CF13-4AC5-8F13-234A36242AA3}.Release|Any CPU.Build.0 = Release|Any CPU
		{72355917-FE2E-4127-B308-6D090D98D5E3}.Debug|Any CPU.ActiveCfg = Debug|Any CPU
		{72355917-FE2E-4127-B308-6D090D98D5E3}.Debug|Any CPU.Build.0 = Debug|Any CPU
		{72355917-FE2E-4127-B308-6D090D98D5E3}.Release|Any CPU.ActiveCfg = Release|Any CPU
		{72355917-FE2E-4127-B308-6D090D98D5E3}.Release|Any CPU.Build.0 = Release|Any CPU
		{6FD2A794-5AC1-4577-849B-A0C5DD4BD07E}.Debug|Any CPU.ActiveCfg = Debug|Any CPU
		{6FD2A794-5AC1-4577-849B-A0C5DD4BD07E}.Debug|Any CPU.Build.0 = Debug|Any CPU
		{6FD2A794-5AC1-4577-849B-A0C5DD4BD07E}.Release|Any CPU.ActiveCfg = Release|Any CPU
		{6FD2A794-5AC1-4577-849B-A0C5DD4BD07E}.Release|Any CPU.Build.0 = Release|Any CPU
		{AA19FC7E-E708-4D46-9D07-C73A74F39330}.Debug|Any CPU.ActiveCfg = Debug|Any CPU
		{AA19FC7E-E708-4D46-9D07-C73A74F39330}.Debug|Any CPU.Build.0 = Debug|Any CPU
		{AA19FC7E-E708-4D46-9D07-C73A74F39330}.Release|Any CPU.ActiveCfg = Release|Any CPU
		{AA19FC7E-E708-4D46-9D07-C73A74F39330}.Release|Any CPU.Build.0 = Release|Any CPU
		{0B7CD92C-2803-45ED-830E-7C9570E03177}.Debug|Any CPU.ActiveCfg = Debug|Any CPU
		{0B7CD92C-2803-45ED-830E-7C9570E03177}.Debug|Any CPU.Build.0 = Debug|Any CPU
		{0B7CD92C-2803-45ED-830E-7C9570E03177}.Release|Any CPU.ActiveCfg = Release|Any CPU
		{0B7CD92C-2803-45ED-830E-7C9570E03177}.Release|Any CPU.Build.0 = Release|Any CPU
		{3C7204B8-C101-4EAD-983F-2089C15E2523}.Debug|Any CPU.ActiveCfg = Debug|Any CPU
		{3C7204B8-C101-4EAD-983F-2089C15E2523}.Debug|Any CPU.Build.0 = Debug|Any CPU
		{3C7204B8-C101-4EAD-983F-2089C15E2523}.Release|Any CPU.ActiveCfg = Release|Any CPU
		{3C7204B8-C101-4EAD-983F-2089C15E2523}.Release|Any CPU.Build.0 = Release|Any CPU
		{E487E747-FB2C-4AA7-A117-9A2DFA9BB63B}.Debug|Any CPU.ActiveCfg = Debug|Any CPU
		{E487E747-FB2C-4AA7-A117-9A2DFA9BB63B}.Debug|Any CPU.Build.0 = Debug|Any CPU
		{E487E747-FB2C-4AA7-A117-9A2DFA9BB63B}.Release|Any CPU.ActiveCfg = Release|Any CPU
		{E487E747-FB2C-4AA7-A117-9A2DFA9BB63B}.Release|Any CPU.Build.0 = Release|Any CPU
		{EC3151E9-0B5F-4503-B2DE-6B7EAA1A4702}.Debug|Any CPU.ActiveCfg = Debug|Any CPU
		{EC3151E9-0B5F-4503-B2DE-6B7EAA1A4702}.Debug|Any CPU.Build.0 = Debug|Any CPU
		{EC3151E9-0B5F-4503-B2DE-6B7EAA1A4702}.Release|Any CPU.ActiveCfg = Release|Any CPU
		{EC3151E9-0B5F-4503-B2DE-6B7EAA1A4702}.Release|Any CPU.Build.0 = Release|Any CPU
		{10007515-80BC-4BE1-928C-C3FA46951E71}.Debug|Any CPU.ActiveCfg = Debug|Any CPU
		{10007515-80BC-4BE1-928C-C3FA46951E71}.Debug|Any CPU.Build.0 = Debug|Any CPU
		{10007515-80BC-4BE1-928C-C3FA46951E71}.Release|Any CPU.ActiveCfg = Release|Any CPU
		{10007515-80BC-4BE1-928C-C3FA46951E71}.Release|Any CPU.Build.0 = Release|Any CPU
		{A435FEC4-F9FD-4798-9A27-EB1FE96596ED}.Debug|Any CPU.ActiveCfg = Debug|Any CPU
		{A435FEC4-F9FD-4798-9A27-EB1FE96596ED}.Debug|Any CPU.Build.0 = Debug|Any CPU
		{A435FEC4-F9FD-4798-9A27-EB1FE96596ED}.Release|Any CPU.ActiveCfg = Release|Any CPU
		{A435FEC4-F9FD-4798-9A27-EB1FE96596ED}.Release|Any CPU.Build.0 = Release|Any CPU
		{5D692B13-01B7-4CC2-8152-A62C8FCB17B3}.Debug|Any CPU.ActiveCfg = Debug|Any CPU
		{5D692B13-01B7-4CC2-8152-A62C8FCB17B3}.Debug|Any CPU.Build.0 = Debug|Any CPU
		{5D692B13-01B7-4CC2-8152-A62C8FCB17B3}.Release|Any CPU.ActiveCfg = Release|Any CPU
		{5D692B13-01B7-4CC2-8152-A62C8FCB17B3}.Release|Any CPU.Build.0 = Release|Any CPU
		{8E3B99D9-1CC5-4370-8A35-90555C57BFF5}.Debug|Any CPU.ActiveCfg = Debug|Any CPU
		{8E3B99D9-1CC5-4370-8A35-90555C57BFF5}.Debug|Any CPU.Build.0 = Debug|Any CPU
		{8E3B99D9-1CC5-4370-8A35-90555C57BFF5}.Release|Any CPU.ActiveCfg = Release|Any CPU
		{8E3B99D9-1CC5-4370-8A35-90555C57BFF5}.Release|Any CPU.Build.0 = Release|Any CPU
		{7875037F-851A-4773-8A56-1C4A29022DF7}.Debug|Any CPU.ActiveCfg = Debug|Any CPU
		{7875037F-851A-4773-8A56-1C4A29022DF7}.Debug|Any CPU.Build.0 = Debug|Any CPU
		{7875037F-851A-4773-8A56-1C4A29022DF7}.Release|Any CPU.ActiveCfg = Release|Any CPU
		{7875037F-851A-4773-8A56-1C4A29022DF7}.Release|Any CPU.Build.0 = Release|Any CPU
		{373BB713-E163-4E84-ADEA-FB102949B5E8}.Debug|Any CPU.ActiveCfg = Debug|Any CPU
		{373BB713-E163-4E84-ADEA-FB102949B5E8}.Debug|Any CPU.Build.0 = Debug|Any CPU
		{373BB713-E163-4E84-ADEA-FB102949B5E8}.Release|Any CPU.ActiveCfg = Release|Any CPU
		{373BB713-E163-4E84-ADEA-FB102949B5E8}.Release|Any CPU.Build.0 = Release|Any CPU
		{DC27EE37-4F25-43D3-A804-F2D8CBDC1883}.Debug|Any CPU.ActiveCfg = Debug|Any CPU
		{DC27EE37-4F25-43D3-A804-F2D8CBDC1883}.Debug|Any CPU.Build.0 = Debug|Any CPU
		{DC27EE37-4F25-43D3-A804-F2D8CBDC1883}.Release|Any CPU.ActiveCfg = Release|Any CPU
		{DC27EE37-4F25-43D3-A804-F2D8CBDC1883}.Release|Any CPU.Build.0 = Release|Any CPU
		{D9D2E87C-3C8E-4B4C-A258-3D673DB0D58E}.Debug|Any CPU.ActiveCfg = Debug|Any CPU
		{D9D2E87C-3C8E-4B4C-A258-3D673DB0D58E}.Debug|Any CPU.Build.0 = Debug|Any CPU
		{D9D2E87C-3C8E-4B4C-A258-3D673DB0D58E}.Release|Any CPU.ActiveCfg = Release|Any CPU
		{D9D2E87C-3C8E-4B4C-A258-3D673DB0D58E}.Release|Any CPU.Build.0 = Release|Any CPU
	EndGlobalSection
	GlobalSection(SolutionProperties) = preSolution
		HideSolutionNode = FALSE
	EndGlobalSection
	GlobalSection(NestedProjects) = preSolution
		{0E12B9F8-0BEE-40F7-B5B4-A7CA4B7C79EB} = {02EA681E-C7D8-13C7-8484-4AC65E1B71E8}
		{CB2CB6FE-A614-440A-81BE-F0A142BA5B31} = {02EA681E-C7D8-13C7-8484-4AC65E1B71E8}
		{08DE4733-62FB-4FEF-8C8A-FF8B59D33BD2} = {02EA681E-C7D8-13C7-8484-4AC65E1B71E8}
		{DF6D62A3-9949-4BC7-AC1B-3778A4D5EA83} = {32A59EB6-6431-46C7-91AB-9638F78C67F0}
		{9474F8D4-543F-445A-AF8D-78C177CBC774} = {32A59EB6-6431-46C7-91AB-9638F78C67F0}
		{0D61B57A-7F48-4BED-92AE-253D2B7CF95E} = {32A59EB6-6431-46C7-91AB-9638F78C67F0}
		{D10E00E1-0B84-4F82-A969-C76DD388C815} = {D2198156-415F-4B08-9AA4-2FFACE531DEE}
		{7B5C4554-8713-41EB-849A-D7523502AC60} = {D2198156-415F-4B08-9AA4-2FFACE531DEE}
		{0276D348-CF13-4AC5-8F13-234A36242AA3} = {D2198156-415F-4B08-9AA4-2FFACE531DEE}
		{72355917-FE2E-4127-B308-6D090D98D5E3} = {D3049C0E-67A3-4EEC-9C16-DE06D7339D10}
		{6FD2A794-5AC1-4577-849B-A0C5DD4BD07E} = {D3049C0E-67A3-4EEC-9C16-DE06D7339D10}
		{AA19FC7E-E708-4D46-9D07-C73A74F39330} = {D3049C0E-67A3-4EEC-9C16-DE06D7339D10}
		{0B7CD92C-2803-45ED-830E-7C9570E03177} = {3897EEEB-875E-443C-9F34-5E04C60990D4}
		{3C7204B8-C101-4EAD-983F-2089C15E2523} = {3897EEEB-875E-443C-9F34-5E04C60990D4}
		{E487E747-FB2C-4AA7-A117-9A2DFA9BB63B} = {3897EEEB-875E-443C-9F34-5E04C60990D4}
		{EC3151E9-0B5F-4503-B2DE-6B7EAA1A4702} = {45259069-A228-467A-AC3D-61A6DB56C652}
		{10007515-80BC-4BE1-928C-C3FA46951E71} = {45259069-A228-467A-AC3D-61A6DB56C652}
		{A435FEC4-F9FD-4798-9A27-EB1FE96596ED} = {45259069-A228-467A-AC3D-61A6DB56C652}
		{5D692B13-01B7-4CC2-8152-A62C8FCB17B3} = {D222B1E4-9707-47C3-80AE-55FCCDB5A43A}
		{8E3B99D9-1CC5-4370-8A35-90555C57BFF5} = {D222B1E4-9707-47C3-80AE-55FCCDB5A43A}
		{7875037F-851A-4773-8A56-1C4A29022DF7} = {D222B1E4-9707-47C3-80AE-55FCCDB5A43A}
		{373BB713-E163-4E84-ADEA-FB102949B5E8} = {8E9CB261-8D65-4441-ADE9-DFBE705189D6}
		{DC27EE37-4F25-43D3-A804-F2D8CBDC1883} = {8E9CB261-8D65-4441-ADE9-DFBE705189D6}
		{D9D2E87C-3C8E-4B4C-A258-3D673DB0D58E} = {8E9CB261-8D65-4441-ADE9-DFBE705189D6}
	EndGlobalSection
	GlobalSection(ExtensibilityGlobals) = postSolution
		SolutionGuid = {D800B42C-D44B-4791-874B-853619B939CD}
	EndGlobalSection
EndGlobal
